<?xml version="1.0" encoding="utf-8"?>
<Project ToolsVersion="4.0" xmlns="http://schemas.microsoft.com/developer/msbuild/2003">
  <ItemGroup>
    <Filter Include="ソース ファイル">
      <UniqueIdentifier>{4FC737F1-C7A5-4376-A066-2A32D752A2FF}</UniqueIdentifier>
      <Extensions>cpp;c;cc;cxx;c++;cppm;ixx;def;odl;idl;hpj;bat;asm;asmx</Extensions>
    </Filter>
    <Filter Include="ヘッダー ファイル">
      <UniqueIdentifier>{93995380-89BD-4b04-88EB-625FBE52EBFB}</UniqueIdentifier>
      <Extensions>h;hh;hpp;hxx;h++;hm;inl;inc;ipp;xsd</Extensions>
    </Filter>
    <Filter Include="リソース ファイル">
      <UniqueIdentifier>{67DA6AB6-F800-4c08-8B7A-83BB121AAD01}</UniqueIdentifier>
      <Extensions>rc;ico;cur;bmp;dlg;rc2;rct;bin;rgs;gif;jpg;jpeg;jpe;resx;tiff;tif;png;wav;mfcribbon-ms</Extensions>
    </Filter>
    <Filter Include="ソース ファイル\math">
      <UniqueIdentifier>{13c6e06c-1eeb-4deb-a8ad-805c2d3e85ee}</UniqueIdentifier>
    </Filter>
    <Filter Include="ヘッダー ファイル\math">
      <UniqueIdentifier>{b4972a7b-ba28-4d29-bbe7-2995429fcf6f}</UniqueIdentifier>
    </Filter>
    <Filter Include="ヘッダー ファイル\3d">
      <UniqueIdentifier>{ed51888e-8e89-42b0-9839-0c09694c3168}</UniqueIdentifier>
    </Filter>
    <Filter Include="ソース ファイル\3d">
      <UniqueIdentifier>{86895220-3c1f-4c18-bb32-997c8cd8732e}</UniqueIdentifier>
    </Filter>
    <Filter Include="ソース ファイル\image">
      <UniqueIdentifier>{3475b42b-475d-4422-ba71-bc4e8305468c}</UniqueIdentifier>
    </Filter>
    <Filter Include="ヘッダー ファイル\image">
      <UniqueIdentifier>{e2e87b63-c0bc-4aca-ac9b-1433b1762c2e}</UniqueIdentifier>
    </Filter>
    <Filter Include="ヘッダー ファイル\dx">
      <UniqueIdentifier>{5ea70e10-ad51-4b88-9973-866cf78d6400}</UniqueIdentifier>
    </Filter>
    <Filter Include="ソース ファイル\dx">
      <UniqueIdentifier>{9a279f04-0b56-449d-b38b-a2b3e481b94c}</UniqueIdentifier>
    </Filter>
    <Filter Include="ヘッダー ファイル\pngpp">
      <UniqueIdentifier>{b407090c-e68f-4cfc-9e13-6e3e2c73dbc5}</UniqueIdentifier>
    </Filter>
  </ItemGroup>
  <ItemGroup>
    <ClCompile Include="main.cpp">
      <Filter>ソース ファイル</Filter>
    </ClCompile>
    <ClCompile Include="math\vector3.cpp">
      <Filter>ソース ファイル\math</Filter>
    </ClCompile>
    <ClCompile Include="math\matrix44.cpp">
      <Filter>ソース ファイル\math</Filter>
    </ClCompile>
    <ClCompile Include="3d\camera.cpp">
      <Filter>ソース ファイル\3d</Filter>
    </ClCompile>
    <ClCompile Include="image\color.cpp">
      <Filter>ソース ファイル\image</Filter>
    </ClCompile>
    <ClCompile Include="3d\vertex.cpp">
      <Filter>ソース ファイル\3d</Filter>
    </ClCompile>
    <ClCompile Include="3d\polygon.cpp">
      <Filter>ソース ファイル\3d</Filter>
    </ClCompile>
    <ClCompile Include="3d\perspective.cpp">
      <Filter>ソース ファイル\3d</Filter>
    </ClCompile>
    <ClCompile Include="3d\light.cpp">
      <Filter>ソース ファイル\3d</Filter>
    </ClCompile>
    <ClCompile Include="3d\viewport.cpp">
      <Filter>ソース ファイル\3d</Filter>
    </ClCompile>
    <ClCompile Include="pseudo3d.cpp">
      <Filter>ソース ファイル</Filter>
    </ClCompile>
    <ClCompile Include="dx\polygon_dx.cpp">
      <Filter>ソース ファイル\dx</Filter>
    </ClCompile>
    <ClCompile Include="math\utility.cpp">
      <Filter>ソース ファイル\math</Filter>
    </ClCompile>
    <ClCompile Include="dx\enemy.cpp">
      <Filter>ソース ファイル\dx</Filter>
    </ClCompile>
    <ClCompile Include="dx\shot.cpp">
      <Filter>ソース ファイル\dx</Filter>
    </ClCompile>
    <ClCompile Include="camera_logic.cpp">
      <Filter>ソース ファイル</Filter>
    </ClCompile>
    <ClCompile Include="shot_logic.cpp">
      <Filter>ソース ファイル</Filter>
    </ClCompile>
    <ClCompile Include="pseudo3d_logic.cpp">
      <Filter>ソース ファイル</Filter>
    </ClCompile>
    <ClCompile Include="dx\rasterize.cpp">
      <Filter>ソース ファイル\dx</Filter>
    </ClCompile>
  </ItemGroup>
  <ItemGroup>
    <ClInclude Include="math\vector3.h">
      <Filter>ヘッダー ファイル\math</Filter>
    </ClInclude>
    <ClInclude Include="math\matrix44.h">
      <Filter>ヘッダー ファイル\math</Filter>
    </ClInclude>
    <ClInclude Include="3d\camera.h">
      <Filter>ヘッダー ファイル\3d</Filter>
    </ClInclude>
    <ClInclude Include="3d\light.h">
      <Filter>ヘッダー ファイル\3d</Filter>
    </ClInclude>
    <ClInclude Include="3d\polygon.h">
      <Filter>ヘッダー ファイル\3d</Filter>
    </ClInclude>
    <ClInclude Include="3d\vertex.h">
      <Filter>ヘッダー ファイル\3d</Filter>
    </ClInclude>
    <ClInclude Include="image\color.h">
      <Filter>ヘッダー ファイル\image</Filter>
    </ClInclude>
    <ClInclude Include="3d\perspective.h">
      <Filter>ヘッダー ファイル\3d</Filter>
    </ClInclude>
    <ClInclude Include="3d\viewport.h">
      <Filter>ヘッダー ファイル\3d</Filter>
    </ClInclude>
    <ClInclude Include="pseudo3d.h">
      <Filter>ヘッダー ファイル</Filter>
    </ClInclude>
    <ClInclude Include="dx\polygon_dx.h">
      <Filter>ヘッダー ファイル\dx</Filter>
    </ClInclude>
    <ClInclude Include="math\utility.h">
      <Filter>ヘッダー ファイル\math</Filter>
    </ClInclude>
    <ClInclude Include="dx\enemy.h">
      <Filter>ヘッダー ファイル\dx</Filter>
    </ClInclude>
    <ClInclude Include="dx\shot.h">
      <Filter>ヘッダー ファイル\dx</Filter>
    </ClInclude>
    <ClInclude Include="camera_logic.h">
      <Filter>ヘッダー ファイル</Filter>
    </ClInclude>
    <ClInclude Include="shot_logic.h">
      <Filter>ヘッダー ファイル</Filter>
    </ClInclude>
    <ClInclude Include="pseudo3d_logic.h">
      <Filter>ヘッダー ファイル</Filter>
    </ClInclude>
    <ClInclude Include="constants.h">
      <Filter>ヘッダー ファイル</Filter>
    </ClInclude>
    <ClInclude Include="pngpp\color.hpp">
      <Filter>ヘッダー ファイル\pngpp</Filter>
    </ClInclude>
    <ClInclude Include="pngpp\config.hpp">
      <Filter>ヘッダー ファイル\pngpp</Filter>
    </ClInclude>
    <ClInclude Include="pngpp\consumer.hpp">
      <Filter>ヘッダー ファイル\pngpp</Filter>
    </ClInclude>
    <ClInclude Include="pngpp\convert_color_space.hpp">
      <Filter>ヘッダー ファイル\pngpp</Filter>
    </ClInclude>
    <ClInclude Include="pngpp\end_info.hpp">
      <Filter>ヘッダー ファイル\pngpp</Filter>
    </ClInclude>
    <ClInclude Include="pngpp\error.hpp">
      <Filter>ヘッダー ファイル\pngpp</Filter>
    </ClInclude>
    <ClInclude Include="pngpp\ga_pixel.hpp">
      <Filter>ヘッダー ファイル\pngpp</Filter>
    </ClInclude>
    <ClInclude Include="pngpp\generator.hpp">
      <Filter>ヘッダー ファイル\pngpp</Filter>
    </ClInclude>
    <ClInclude Include="pngpp\gray_pixel.hpp">
      <Filter>ヘッダー ファイル\pngpp</Filter>
    </ClInclude>
    <ClInclude Include="pngpp\image.hpp">
      <Filter>ヘッダー ファイル\pngpp</Filter>
    </ClInclude>
    <ClInclude Include="pngpp\image_info.hpp">
      <Filter>ヘッダー ファイル\pngpp</Filter>
    </ClInclude>
    <ClInclude Include="pngpp\index_pixel.hpp">
      <Filter>ヘッダー ファイル\pngpp</Filter>
    </ClInclude>
    <ClInclude Include="pngpp\info.hpp">
      <Filter>ヘッダー ファイル\pngpp</Filter>
    </ClInclude>
    <ClInclude Include="pngpp\info_base.hpp">
      <Filter>ヘッダー ファイル\pngpp</Filter>
    </ClInclude>
    <ClInclude Include="pngpp\io_base.hpp">
      <Filter>ヘッダー ファイル\pngpp</Filter>
    </ClInclude>
    <ClInclude Include="pngpp\packed_pixel.hpp">
      <Filter>ヘッダー ファイル\pngpp</Filter>
    </ClInclude>
    <ClInclude Include="pngpp\palette.hpp">
      <Filter>ヘッダー ファイル\pngpp</Filter>
    </ClInclude>
    <ClInclude Include="pngpp\pixel_buffer.hpp">
      <Filter>ヘッダー ファイル\pngpp</Filter>
    </ClInclude>
    <ClInclude Include="pngpp\pixel_traits.hpp">
      <Filter>ヘッダー ファイル\pngpp</Filter>
    </ClInclude>
    <ClInclude Include="pngpp\png.hpp">
      <Filter>ヘッダー ファイル\pngpp</Filter>
    </ClInclude>
    <ClInclude Include="pngpp\reader.hpp">
      <Filter>ヘッダー ファイル\pngpp</Filter>
    </ClInclude>
    <ClInclude Include="pngpp\require_color_space.hpp">
      <Filter>ヘッダー ファイル\pngpp</Filter>
    </ClInclude>
    <ClInclude Include="pngpp\rgb_pixel.hpp">
      <Filter>ヘッダー ファイル\pngpp</Filter>
    </ClInclude>
    <ClInclude Include="pngpp\rgba_pixel.hpp">
      <Filter>ヘッダー ファイル\pngpp</Filter>
    </ClInclude>
    <ClInclude Include="pngpp\solid_pixel_buffer.hpp">
      <Filter>ヘッダー ファイル\pngpp</Filter>
    </ClInclude>
    <ClInclude Include="pngpp\streaming_base.hpp">
      <Filter>ヘッダー ファイル\pngpp</Filter>
    </ClInclude>
    <ClInclude Include="pngpp\tRNS.hpp">
      <Filter>ヘッダー ファイル\pngpp</Filter>
    </ClInclude>
    <ClInclude Include="pngpp\types.hpp">
      <Filter>ヘッダー ファイル\pngpp</Filter>
    </ClInclude>
    <ClInclude Include="pngpp\writer.hpp">
      <Filter>ヘッダー ファイル\pngpp</Filter>
    </ClInclude>
    <ClInclude Include="dx\rasterize.h">
      <Filter>ヘッダー ファイル\dx</Filter>
    </ClInclude>
  </ItemGroup>
</Project>